// !$*UTF8*$!
{
	archiveVersion = 1;
	classes = {
	};
	objectVersion = 56;
	objects = {

/* Begin PBXBuildFile section */
		2AE8C4FB2B9487DC00513E41 /* AppDelegate.swift in Sources */ = {isa = PBXBuildFile; fileRef = 2AE8C4FA2B9487DC00513E41 /* AppDelegate.swift */; };
		2AE8C4FD2B9487DC00513E41 /* SceneDelegate.swift in Sources */ = {isa = PBXBuildFile; fileRef = 2AE8C4FC2B9487DC00513E41 /* SceneDelegate.swift */; };
		2AE8C4FF2B9487DC00513E41 /* ViewController.swift in Sources */ = {isa = PBXBuildFile; fileRef = 2AE8C4FE2B9487DC00513E41 /* ViewController.swift */; };
		2AE8C5022B9487DC00513E41 /* Main.storyboard in Resources */ = {isa = PBXBuildFile; fileRef = 2AE8C5002B9487DC00513E41 /* Main.storyboard */; };
		2AE8C5042B9487DD00513E41 /* Assets.xcassets in Resources */ = {isa = PBXBuildFile; fileRef = 2AE8C5032B9487DD00513E41 /* Assets.xcassets */; };
		2AE8C5072B9487DD00513E41 /* LaunchScreen.storyboard in Resources */ = {isa = PBXBuildFile; fileRef = 2AE8C5052B9487DD00513E41 /* LaunchScreen.storyboard */; };
		2AE8C5122B9487DD00513E41 /* TableViewTaskTests.swift in Sources */ = {isa = PBXBuildFile; fileRef = 2AE8C5112B9487DD00513E41 /* TableViewTaskTests.swift */; };
		2AE8C51C2B9487DD00513E41 /* TableViewTaskUITests.swift in Sources */ = {isa = PBXBuildFile; fileRef = 2AE8C51B2B9487DD00513E41 /* TableViewTaskUITests.swift */; };
		2AE8C51E2B9487DD00513E41 /* TableViewTaskUITestsLaunchTests.swift in Sources */ = {isa = PBXBuildFile; fileRef = 2AE8C51D2B9487DD00513E41 /* TableViewTaskUITestsLaunchTests.swift */; };
/* End PBXBuildFile section */

/* Begin PBXContainerItemProxy section */
		2AE8C50E2B9487DD00513E41 /* PBXContainerItemProxy */ = {
			isa = PBXContainerItemProxy;
			containerPortal = 2AE8C4EF2B9487DC00513E41 /* Project object */;
			proxyType = 1;
			remoteGlobalIDString = 2AE8C4F62B9487DC00513E41;
			remoteInfo = TableViewTask;
		};
		2AE8C5182B9487DD00513E41 /* PBXContainerItemProxy */ = {
			isa = PBXContainerItemProxy;
			containerPortal = 2AE8C4EF2B9487DC00513E41 /* Project object */;
			proxyType = 1;
			remoteGlobalIDString = 2AE8C4F62B9487DC00513E41;
			remoteInfo = TableViewTask;
		};
/* End PBXContainerItemProxy section */

/* Begin PBXFileReference section */
		2AE8C4F72B9487DC00513E41 /* TableViewTask.app */ = {isa = PBXFileReference; explicitFileType = wrapper.application; includeInIndex = 0; path = TableViewTask.app; sourceTree = BUILT_PRODUCTS_DIR; };
		2AE8C4FA2B9487DC00513E41 /* AppDelegate.swift */ = {isa = PBXFileReference; lastKnownFileType = sourcecode.swift; path = AppDelegate.swift; sourceTree = "<group>"; };
		2AE8C4FC2B9487DC00513E41 /* SceneDelegate.swift */ = {isa = PBXFileReference; lastKnownFileType = sourcecode.swift; path = SceneDelegate.swift; sourceTree = "<group>"; };
		2AE8C4FE2B9487DC00513E41 /* ViewController.swift */ = {isa = PBXFileReference; lastKnownFileType = sourcecode.swift; path = ViewController.swift; sourceTree = "<group>"; };
		2AE8C5012B9487DC00513E41 /* Base */ = {isa = PBXFileReference; lastKnownFileType = file.storyboard; name = Base; path = Base.lproj/Main.storyboard; sourceTree = "<group>"; };
		2AE8C5032B9487DD00513E41 /* Assets.xcassets */ = {isa = PBXFileReference; lastKnownFileType = folder.assetcatalog; path = Assets.xcassets; sourceTree = "<group>"; };
		2AE8C5062B9487DD00513E41 /* Base */ = {isa = PBXFileReference; lastKnownFileType = file.storyboard; name = Base; path = Base.lproj/LaunchScreen.storyboard; sourceTree = "<group>"; };
		2AE8C5082B9487DD00513E41 /* Info.plist */ = {isa = PBXFileReference; lastKnownFileType = text.plist.xml; path = Info.plist; sourceTree = "<group>"; };
		2AE8C50D2B9487DD00513E41 /* TableViewTaskTests.xctest */ = {isa = PBXFileReference; explicitFileType = wrapper.cfbundle; includeInIndex = 0; path = TableViewTaskTests.xctest; sourceTree = BUILT_PRODUCTS_DIR; };
		2AE8C5112B9487DD00513E41 /* TableViewTaskTests.swift */ = {isa = PBXFileReference; lastKnownFileType = sourcecode.swift; path = TableViewTaskTests.swift; sourceTree = "<group>"; };
		2AE8C5172B9487DD00513E41 /* TableViewTaskUITests.xctest */ = {isa = PBXFileReference; explicitFileType = wrapper.cfbundle; includeInIndex = 0; path = TableViewTaskUITests.xctest; sourceTree = BUILT_PRODUCTS_DIR; };
		2AE8C51B2B9487DD00513E41 /* TableViewTaskUITests.swift */ = {isa = PBXFileReference; lastKnownFileType = sourcecode.swift; path = TableViewTaskUITests.swift; sourceTree = "<group>"; };
		2AE8C51D2B9487DD00513E41 /* TableViewTaskUITestsLaunchTests.swift */ = {isa = PBXFileReference; lastKnownFileType = sourcecode.swift; path = TableViewTaskUITestsLaunchTests.swift; sourceTree = "<group>"; };
/* End PBXFileReference section */

/* Begin PBXFrameworksBuildPhase section */
		2AE8C4F42B9487DC00513E41 /* Frameworks */ = {
			isa = PBXFrameworksBuildPhase;
			buildActionMask = 2147483647;
			files = (
			);
			runOnlyForDeploymentPostprocessing = 0;
		};
		2AE8C50A2B9487DD00513E41 /* Frameworks */ = {
			isa = PBXFrameworksBuildPhase;
			buildActionMask = 2147483647;
			files = (
			);
			runOnlyForDeploymentPostprocessing = 0;
		};
		2AE8C5142B9487DD00513E41 /* Frameworks */ = {
			isa = PBXFrameworksBuildPhase;
			buildActionMask = 2147483647;
			files = (
			);
			runOnlyForDeploymentPostprocessing = 0;
		};
/* End PBXFrameworksBuildPhase section */

/* Begin PBXGroup section */
		2AE8C4EE2B9487DC00513E41 = {
			isa = PBXGroup;
			children = (
				2AE8C4F92B9487DC00513E41 /* TableViewTask */,
				2AE8C5102B9487DD00513E41 /* TableViewTaskTests */,
				2AE8C51A2B9487DD00513E41 /* TableViewTaskUITests */,
				2AE8C4F82B9487DC00513E41 /* Products */,
			);
			sourceTree = "<group>";
		};
		2AE8C4F82B9487DC00513E41 /* Products */ = {
			isa = PBXGroup;
			children = (
				2AE8C4F72B9487DC00513E41 /* TableViewTask.app */,
				2AE8C50D2B9487DD00513E41 /* TableViewTaskTests.xctest */,
				2AE8C5172B9487DD00513E41 /* TableViewTaskUITests.xctest */,
			);
			name = Products;
			sourceTree = "<group>";
		};
		2AE8C4F92B9487DC00513E41 /* TableViewTask */ = {
			isa = PBXGroup;
			children = (
				2AE8C4FA2B9487DC00513E41 /* AppDelegate.swift */,
				2AE8C4FC2B9487DC00513E41 /* SceneDelegate.swift */,
				2AE8C4FE2B9487DC00513E41 /* ViewController.swift */,
				2AE8C5002B9487DC00513E41 /* Main.storyboard */,
				2AE8C5032B9487DD00513E41 /* Assets.xcassets */,
				2AE8C5052B9487DD00513E41 /* LaunchScreen.storyboard */,
				2AE8C5082B9487DD00513E41 /* Info.plist */,
			);
			path = TableViewTask;
			sourceTree = "<group>";
		};
		2AE8C5102B9487DD00513E41 /* TableViewTaskTests */ = {
			isa = PBXGroup;
			children = (
				2AE8C5112B9487DD00513E41 /* TableViewTaskTests.swift */,
			);
			path = TableViewTaskTests;
			sourceTree = "<group>";
		};
		2AE8C51A2B9487DD00513E41 /* TableViewTaskUITests */ = {
			isa = PBXGroup;
			children = (
				2AE8C51B2B9487DD00513E41 /* TableViewTaskUITests.swift */,
				2AE8C51D2B9487DD00513E41 /* TableViewTaskUITestsLaunchTests.swift */,
			);
			path = TableViewTaskUITests;
			sourceTree = "<group>";
		};
/* End PBXGroup section */

/* Begin PBXNativeTarget section */
		2AE8C4F62B9487DC00513E41 /* TableViewTask */ = {
			isa = PBXNativeTarget;
			buildConfigurationList = 2AE8C5212B9487DD00513E41 /* Build configuration list for PBXNativeTarget "TableViewTask" */;
			buildPhases = (
				2AE8C4F32B9487DC00513E41 /* Sources */,
				2AE8C4F42B9487DC00513E41 /* Frameworks */,
				2AE8C4F52B9487DC00513E41 /* Resources */,
			);
			buildRules = (
			);
			dependencies = (
			);
			name = TableViewTask;
			productName = TableViewTask;
			productReference = 2AE8C4F72B9487DC00513E41 /* TableViewTask.app */;
			productType = "com.apple.product-type.application";
		};
		2AE8C50C2B9487DD00513E41 /* TableViewTaskTests */ = {
			isa = PBXNativeTarget;
			buildConfigurationList = 2AE8C5242B9487DD00513E41 /* Build configuration list for PBXNativeTarget "TableViewTaskTests" */;
			buildPhases = (
				2AE8C5092B9487DD00513E41 /* Sources */,
				2AE8C50A2B9487DD00513E41 /* Frameworks */,
				2AE8C50B2B9487DD00513E41 /* Resources */,
			);
			buildRules = (
			);
			dependencies = (
				2AE8C50F2B9487DD00513E41 /* PBXTargetDependency */,
			);
			name = TableViewTaskTests;
			productName = TableViewTaskTests;
			productReference = 2AE8C50D2B9487DD00513E41 /* TableViewTaskTests.xctest */;
			productType = "com.apple.product-type.bundle.unit-test";
		};
		2AE8C5162B9487DD00513E41 /* TableViewTaskUITests */ = {
			isa = PBXNativeTarget;
			buildConfigurationList = 2AE8C5272B9487DD00513E41 /* Build configuration list for PBXNativeTarget "TableViewTaskUITests" */;
			buildPhases = (
				2AE8C5132B9487DD00513E41 /* Sources */,
				2AE8C5142B9487DD00513E41 /* Frameworks */,
				2AE8C5152B9487DD00513E41 /* Resources */,
			);
			buildRules = (
			);
			dependencies = (
				2AE8C5192B9487DD00513E41 /* PBXTargetDependency */,
			);
			name = TableViewTaskUITests;
			productName = TableViewTaskUITests;
			productReference = 2AE8C5172B9487DD00513E41 /* TableViewTaskUITests.xctest */;
			productType = "com.apple.product-type.bundle.ui-testing";
		};
/* End PBXNativeTarget section */

/* Begin PBXProject section */
		2AE8C4EF2B9487DC00513E41 /* Project object */ = {
			isa = PBXProject;
			attributes = {
				BuildIndependentTargetsInParallel = 1;
				LastSwiftUpdateCheck = 1520;
				LastUpgradeCheck = 1520;
				TargetAttributes = {
					2AE8C4F62B9487DC00513E41 = {
						CreatedOnToolsVersion = 15.2;
					};
					2AE8C50C2B9487DD00513E41 = {
						CreatedOnToolsVersion = 15.2;
						TestTargetID = 2AE8C4F62B9487DC00513E41;
					};
					2AE8C5162B9487DD00513E41 = {
						CreatedOnToolsVersion = 15.2;
						TestTargetID = 2AE8C4F62B9487DC00513E41;
					};
				};
			};
			buildConfigurationList = 2AE8C4F22B9487DC00513E41 /* Build configuration list for PBXProject "TableViewTask" */;
			compatibilityVersion = "Xcode 14.0";
			developmentRegion = en;
			hasScannedForEncodings = 0;
			knownRegions = (
				en,
				Base,
			);
			mainGroup = 2AE8C4EE2B9487DC00513E41;
			productRefGroup = 2AE8C4F82B9487DC00513E41 /* Products */;
			projectDirPath = "";
			projectRoot = "";
			targets = (
				2AE8C4F62B9487DC00513E41 /* TableViewTask */,
				2AE8C50C2B9487DD00513E41 /* TableViewTaskTests */,
				2AE8C5162B9487DD00513E41 /* TableViewTaskUITests */,
			);
		};
/* End PBXProject section */

/* Begin PBXResourcesBuildPhase section */
		2AE8C4F52B9487DC00513E41 /* Resources */ = {
			isa = PBXResourcesBuildPhase;
			buildActionMask = 2147483647;
			files = (
				2AE8C5072B9487DD00513E41 /* LaunchScreen.storyboard in Resources */,
				2AE8C5042B9487DD00513E41 /* Assets.xcassets in Resources */,
				2AE8C5022B9487DC00513E41 /* Main.storyboard in Resources */,
			);
			runOnlyForDeploymentPostprocessing = 0;
		};
		2AE8C50B2B9487DD00513E41 /* Resources */ = {
			isa = PBXResourcesBuildPhase;
			buildActionMask = 2147483647;
			files = (
			);
			runOnlyForDeploymentPostprocessing = 0;
		};
		2AE8C5152B9487DD00513E41 /* Resources */ = {
			isa = PBXResourcesBuildPhase;
			buildActionMask = 2147483647;
			files = (
			);
			runOnlyForDeploymentPostprocessing = 0;
		};
/* End PBXResourcesBuildPhase section */

/* Begin PBXSourcesBuildPhase section */
		2AE8C4F32B9487DC00513E41 /* Sources */ = {
			isa = PBXSourcesBuildPhase;
			buildActionMask = 2147483647;
			files = (
				2AE8C4FF2B9487DC00513E41 /* ViewController.swift in Sources */,
				2AE8C4FB2B9487DC00513E41 /* AppDelegate.swift in Sources */,
				2AE8C4FD2B9487DC00513E41 /* SceneDelegate.swift in Sources */,
			);
			runOnlyForDeploymentPostprocessing = 0;
		};
		2AE8C5092B9487DD00513E41 /* Sources */ = {
			isa = PBXSourcesBuildPhase;
			buildActionMask = 2147483647;
			files = (
				2AE8C5122B9487DD00513E41 /* TableViewTaskTests.swift in Sources */,
			);
			runOnlyForDeploymentPostprocessing = 0;
		};
		2AE8C5132B9487DD00513E41 /* Sources */ = {
			isa = PBXSourcesBuildPhase;
			buildActionMask = 2147483647;
			files = (
				2AE8C51C2B9487DD00513E41 /* TableViewTaskUITests.swift in Sources */,
				2AE8C51E2B9487DD00513E41 /* TableViewTaskUITestsLaunchTests.swift in Sources */,
			);
			runOnlyForDeploymentPostprocessing = 0;
		};
/* End PBXSourcesBuildPhase section */

/* Begin PBXTargetDependency section */
		2AE8C50F2B9487DD00513E41 /* PBXTargetDependency */ = {
			isa = PBXTargetDependency;
			target = 2AE8C4F62B9487DC00513E41 /* TableViewTask */;
			targetProxy = 2AE8C50E2B9487DD00513E41 /* PBXContainerItemProxy */;
		};
		2AE8C5192B9487DD00513E41 /* PBXTargetDependency */ = {
			isa = PBXTargetDependency;
			target = 2AE8C4F62B9487DC00513E41 /* TableViewTask */;
			targetProxy = 2AE8C5182B9487DD00513E41 /* PBXContainerItemProxy */;
		};
/* End PBXTargetDependency section */

/* Begin PBXVariantGroup section */
		2AE8C5002B9487DC00513E41 /* Main.storyboard */ = {
			isa = PBXVariantGroup;
			children = (
				2AE8C5012B9487DC00513E41 /* Base */,
			);
			name = Main.storyboard;
			sourceTree = "<group>";
		};
		2AE8C5052B9487DD00513E41 /* LaunchScreen.storyboard */ = {
			isa = PBXVariantGroup;
			children = (
				2AE8C5062B9487DD00513E41 /* Base */,
			);
			name = LaunchScreen.storyboard;
			sourceTree = "<group>";
		};
/* End PBXVariantGroup section */

/* Begin XCBuildConfiguration section */
		2AE8C51F2B9487DD00513E41 /* Debug */ = {
			isa = XCBuildConfiguration;
			buildSettings = {
				ALWAYS_SEARCH_USER_PATHS = NO;
				ASSETCATALOG_COMPILER_GENERATE_SWIFT_ASSET_SYMBOL_EXTENSIONS = YES;
				CLANG_ANALYZER_NONNULL = YES;
				CLANG_ANALYZER_NUMBER_OBJECT_CONVERSION = YES_AGGRESSIVE;
				CLANG_CXX_LANGUAGE_STANDARD = "gnu++20";
				CLANG_ENABLE_MODULES = YES;
				CLANG_ENABLE_OBJC_ARC = YES;
				CLANG_ENABLE_OBJC_WEAK = YES;
				CLANG_WARN_BLOCK_CAPTURE_AUTORELEASING = YES;
				CLANG_WARN_BOOL_CONVERSION = YES;
				CLANG_WARN_COMMA = YES;
				CLANG_WARN_CONSTANT_CONVERSION = YES;
				CLANG_WARN_DEPRECATED_OBJC_IMPLEMENTATIONS = YES;
				CLANG_WARN_DIRECT_OBJC_ISA_USAGE = YES_ERROR;
				CLANG_WARN_DOCUMENTATION_COMMENTS = YES;
				CLANG_WARN_EMPTY_BODY = YES;
				CLANG_WARN_ENUM_CONVERSION = YES;
				CLANG_WARN_INFINITE_RECURSION = YES;
				CLANG_WARN_INT_CONVERSION = YES;
				CLANG_WARN_NON_LITERAL_NULL_CONVERSION = YES;
				CLANG_WARN_OBJC_IMPLICIT_RETAIN_SELF = YES;
				CLANG_WARN_OBJC_LITERAL_CONVERSION = YES;
				CLANG_WARN_OBJC_ROOT_CLASS = YES_ERROR;
				CLANG_WARN_QUOTED_INCLUDE_IN_FRAMEWORK_HEADER = YES;
				CLANG_WARN_RANGE_LOOP_ANALYSIS = YES;
				CLANG_WARN_STRICT_PROTOTYPES = YES;
				CLANG_WARN_SUSPICIOUS_MOVE = YES;
				CLANG_WARN_UNGUARDED_AVAILABILITY = YES_AGGRESSIVE;
				CLANG_WARN_UNREACHABLE_CODE = YES;
				CLANG_WARN__DUPLICATE_METHOD_MATCH = YES;
				COPY_PHASE_STRIP = NO;
				DEBUG_INFORMATION_FORMAT = dwarf;
				ENABLE_STRICT_OBJC_MSGSEND = YES;
				ENABLE_TESTABILITY = YES;
				ENABLE_USER_SCRIPT_SANDBOXING = YES;
				GCC_C_LANGUAGE_STANDARD = gnu17;
				GCC_DYNAMIC_NO_PIC = NO;
				GCC_NO_COMMON_BLOCKS = YES;
				GCC_OPTIMIZATION_LEVEL = 0;
				GCC_PREPROCESSOR_DEFINITIONS = (
					"DEBUG=1",
					"$(inherited)",
				);
				GCC_WARN_64_TO_32_BIT_CONVERSION = YES;
				GCC_WARN_ABOUT_RETURN_TYPE = YES_ERROR;
				GCC_WARN_UNDECLARED_SELECTOR = YES;
				GCC_WARN_UNINITIALIZED_AUTOS = YES_AGGRESSIVE;
				GCC_WARN_UNUSED_FUNCTION = YES;
				GCC_WARN_UNUSED_VARIABLE = YES;
				IPHONEOS_DEPLOYMENT_TARGET = 17.2;
				LOCALIZATION_PREFERS_STRING_CATALOGS = YES;
				MTL_ENABLE_DEBUG_INFO = INCLUDE_SOURCE;
				MTL_FAST_MATH = YES;
				ONLY_ACTIVE_ARCH = YES;
				SDKROOT = iphoneos;
				SWIFT_ACTIVE_COMPILATION_CONDITIONS = "DEBUG $(inherited)";
				SWIFT_OPTIMIZATION_LEVEL = "-Onone";
			};
			name = Debug;
		};
		2AE8C5202B9487DD00513E41 /* Release */ = {
			isa = XCBuildConfiguration;
			buildSettings = {
				ALWAYS_SEARCH_USER_PATHS = NO;
				ASSETCATALOG_COMPILER_GENERATE_SWIFT_ASSET_SYMBOL_EXTENSIONS = YES;
				CLANG_ANALYZER_NONNULL = YES;
				CLANG_ANALYZER_NUMBER_OBJECT_CONVERSION = YES_AGGRESSIVE;
				CLANG_CXX_LANGUAGE_STANDARD = "gnu++20";
				CLANG_ENABLE_MODULES = YES;
				CLANG_ENABLE_OBJC_ARC = YES;
				CLANG_ENABLE_OBJC_WEAK = YES;
				CLANG_WARN_BLOCK_CAPTURE_AUTORELEASING = YES;
				CLANG_WARN_BOOL_CONVERSION = YES;
				CLANG_WARN_COMMA = YES;
				CLANG_WARN_CONSTANT_CONVERSION = YES;
				CLANG_WARN_DEPRECATED_OBJC_IMPLEMENTATIONS = YES;
				CLANG_WARN_DIRECT_OBJC_ISA_USAGE = YES_ERROR;
				CLANG_WARN_DOCUMENTATION_COMMENTS = YES;
				CLANG_WARN_EMPTY_BODY = YES;
				CLANG_WARN_ENUM_CONVERSION = YES;
				CLANG_WARN_INFINITE_RECURSION = YES;
				CLANG_WARN_INT_CONVERSION = YES;
				CLANG_WARN_NON_LITERAL_NULL_CONVERSION = YES;
				CLANG_WARN_OBJC_IMPLICIT_RETAIN_SELF = YES;
				CLANG_WARN_OBJC_LITERAL_CONVERSION = YES;
				CLANG_WARN_OBJC_ROOT_CLASS = YES_ERROR;
				CLANG_WARN_QUOTED_INCLUDE_IN_FRAMEWORK_HEADER = YES;
				CLANG_WARN_RANGE_LOOP_ANALYSIS = YES;
				CLANG_WARN_STRICT_PROTOTYPES = YES;
				CLANG_WARN_SUSPICIOUS_MOVE = YES;
				CLANG_WARN_UNGUARDED_AVAILABILITY = YES_AGGRESSIVE;
				CLANG_WARN_UNREACHABLE_CODE = YES;
				CLANG_WARN__DUPLICATE_METHOD_MATCH = YES;
				COPY_PHASE_STRIP = NO;
				DEBUG_INFORMATION_FORMAT = "dwarf-with-dsym";
				ENABLE_NS_ASSERTIONS = NO;
				ENABLE_STRICT_OBJC_MSGSEND = YES;
				ENABLE_USER_SCRIPT_SANDBOXING = YES;
				GCC_C_LANGUAGE_STANDARD = gnu17;
				GCC_NO_COMMON_BLOCKS = YES;
				GCC_WARN_64_TO_32_BIT_CONVERSION = YES;
				GCC_WARN_ABOUT_RETURN_TYPE = YES_ERROR;
				GCC_WARN_UNDECLARED_SELECTOR = YES;
				GCC_WARN_UNINITIALIZED_AUTOS = YES_AGGRESSIVE;
				GCC_WARN_UNUSED_FUNCTION = YES;
				GCC_WARN_UNUSED_VARIABLE = YES;
				IPHONEOS_DEPLOYMENT_TARGET = 17.2;
				LOCALIZATION_PREFERS_STRING_CATALOGS = YES;
				MTL_ENABLE_DEBUG_INFO = NO;
				MTL_FAST_MATH = YES;
				SDKROOT = iphoneos;
				SWIFT_COMPILATION_MODE = wholemodule;
				VALIDATE_PRODUCT = YES;
			};
			name = Release;
		};
		2AE8C5222B9487DD00513E41 /* Debug */ = {
			isa = XCBuildConfiguration;
			buildSettings = {
				ASSETCATALOG_COMPILER_APPICON_NAME = AppIcon;
				ASSETCATALOG_COMPILER_GLOBAL_ACCENT_COLOR_NAME = AccentColor;
				CODE_SIGN_STYLE = Automatic;
				CURRENT_PROJECT_VERSION = 1;
				GENERATE_INFOPLIST_FILE = YES;
				INFOPLIST_FILE = TableViewTask/Info.plist;
				INFOPLIST_KEY_UIApplicationSupportsIndirectInputEvents = YES;
				INFOPLIST_KEY_UILaunchStoryboardName = LaunchScreen;
				INFOPLIST_KEY_UIMainStoryboardFile = Main;
				INFOPLIST_KEY_UISupportedInterfaceOrientations_iPad = "UIInterfaceOrientationPortrait UIInterfaceOrientationPortraitUpsideDown UIInterfaceOrientationLandscapeLeft UIInterfaceOrientationLandscapeRight";
				INFOPLIST_KEY_UISupportedInterfaceOrientations_iPhone = "UIInterfaceOrientationPortrait UIInterfaceOrientationLandscapeLeft UIInterfaceOrientationLandscapeRight";
				LD_RUNPATH_SEARCH_PATHS = (
					"$(inherited)",
					"@executable_path/Frameworks",
				);
				MARKETING_VERSION = 1.0;
				PRODUCT_BUNDLE_IDENTIFIER = com.forssa.TableViewTask;
				PRODUCT_NAME = "$(TARGET_NAME)";
				SWIFT_EMIT_LOC_STRINGS = YES;
				SWIFT_VERSION = 5.0;
				TARGETED_DEVICE_FAMILY = "1,2";
			};
			name = Debug;
		};
		2AE8C5232B9487DD00513E41 /* Release */ = {
			isa = XCBuildConfiguration;
			buildSettings = {
				ASSETCATALOG_COMPILER_APPICON_NAME = AppIcon;
				ASSETCATALOG_COMPILER_GLOBAL_ACCENT_COLOR_NAME = AccentColor;
				CODE_SIGN_STYLE = Automatic;
				CURRENT_PROJECT_VERSION = 1;
				GENERATE_INFOPLIST_FILE = YES;
				INFOPLIST_FILE = TableViewTask/Info.plist;
				INFOPLIST_KEY_UIApplicationSupportsIndirectInputEvents = YES;
				INFOPLIST_KEY_UILaunchStoryboardName = LaunchScreen;
				INFOPLIST_KEY_UIMainStoryboardFile = Main;
				INFOPLIST_KEY_UISupportedInterfaceOrientations_iPad = "UIInterfaceOrientationPortrait UIInterfaceOrientationPortraitUpsideDown UIInterfaceOrientationLandscapeLeft UIInterfaceOrientationLandscapeRight";
				INFOPLIST_KEY_UISupportedInterfaceOrientations_iPhone = "UIInterfaceOrientationPortrait UIInterfaceOrientationLandscapeLeft UIInterfaceOrientationLandscapeRight";
				LD_RUNPATH_SEARCH_PATHS = (
					"$(inherited)",
					"@executable_path/Frameworks",
				);
				MARKETING_VERSION = 1.0;
				PRODUCT_BUNDLE_IDENTIFIER = com.forssa.TableViewTask;
				PRODUCT_NAME = "$(TARGET_NAME)";
				SWIFT_EMIT_LOC_STRINGS = YES;
				SWIFT_VERSION = 5.0;
				TARGETED_DEVICE_FAMILY = "1,2";
			};
			name = Release;
		};
		2AE8C5252B9487DD00513E41 /* Debug */ = {
			isa = XCBuildConfiguration;
			buildSettings = {
				ALWAYS_EMBED_SWIFT_STANDARD_LIBRARIES = YES;
				BUNDLE_LOADER = "$(TEST_HOST)";
				CODE_SIGN_STYLE = Automatic;
				CURRENT_PROJECT_VERSION = 1;
				GENERATE_INFOPLIST_FILE = YES;
				IPHONEOS_DEPLOYMENT_TARGET = 17.2;
				MARKETING_VERSION = 1.0;
				PRODUCT_BUNDLE_IDENTIFIER = com.forssa.TableViewTaskTests;
				PRODUCT_NAME = "$(TARGET_NAME)";
				SWIFT_EMIT_LOC_STRINGS = NO;
				SWIFT_VERSION = 5.0;
				TARGETED_DEVICE_FAMILY = "1,2";
				TEST_HOST = "$(BUILT_PRODUCTS_DIR)/TableViewTask.app/$(BUNDLE_EXECUTABLE_FOLDER_PATH)/TableViewTask";
			};
			name = Debug;
		};
		2AE8C5262B9487DD00513E41 /* Release */ = {
			isa = XCBuildConfiguration;
			buildSettings = {
				ALWAYS_EMBED_SWIFT_STANDARD_LIBRARIES = YES;
				BUNDLE_LOADER = "$(TEST_HOST)";
				CODE_SIGN_STYLE = Automatic;
				CURRENT_PROJECT_VERSION = 1;
				GENERATE_INFOPLIST_FILE = YES;
				IPHONEOS_DEPLOYMENT_TARGET = 17.2;
				MARKETING_VERSION = 1.0;
				PRODUCT_BUNDLE_IDENTIFIER = com.forssa.TableViewTaskTests;
				PRODUCT_NAME = "$(TARGET_NAME)";
				SWIFT_EMIT_LOC_STRINGS = NO;
				SWIFT_VERSION = 5.0;
				TARGETED_DEVICE_FAMILY = "1,2";
				TEST_HOST = "$(BUILT_PRODUCTS_DIR)/TableViewTask.app/$(BUNDLE_EXECUTABLE_FOLDER_PATH)/TableViewTask";
			};
			name = Release;
		};
		2AE8C5282B9487DD00513E41 /* Debug */ = {
			isa = XCBuildConfiguration;
			buildSettings = {
				ALWAYS_EMBED_SWIFT_STANDARD_LIBRARIES = YES;
				CODE_SIGN_STYLE = Automatic;
				CURRENT_PROJECT_VERSION = 1;
				GENERATE_INFOPLIST_FILE = YES;
				MARKETING_VERSION = 1.0;
				PRODUCT_BUNDLE_IDENTIFIER = com.forssa.TableViewTaskUITests;
				PRODUCT_NAME = "$(TARGET_NAME)";
				SWIFT_EMIT_LOC_STRINGS = NO;
				SWIFT_VERSION = 5.0;
				TARGETED_DEVICE_FAMILY = "1,2";
				TEST_TARGET_NAME = TableViewTask;
			};
			name = Debug;
		};
		2AE8C5292B9487DD00513E41 /* Release */ = {
			isa = XCBuildConfiguration;
			buildSettings = {
				ALWAYS_EMBED_SWIFT_STANDARD_LIBRARIES = YES;
				CODE_SIGN_STYLE = Automatic;
				CURRENT_PROJECT_VERSION = 1;
				GENERATE_INFOPLIST_FILE = YES;
				MARKETING_VERSION = 1.0;
				PRODUCT_BUNDLE_IDENTIFIER = com.forssa.TableViewTaskUITests;
				PRODUCT_NAME = "$(TARGET_NAME)";
				SWIFT_EMIT_LOC_STRINGS = NO;
				SWIFT_VERSION = 5.0;
				TARGETED_DEVICE_FAMILY = "1,2";
				TEST_TARGET_NAME = TableViewTask;
			};
			name = Release;
		};
/* End XCBuildConfiguration section */

/* Begin XCConfigurationList section */
		2AE8C4F22B9487DC00513E41 /* Build configuration list for PBXProject "TableViewTask" */ = {
			isa = XCConfigurationList;
			buildConfigurations = (
				2AE8C51F2B9487DD00513E41 /* Debug */,
				2AE8C5202B9487DD00513E41 /* Release */,
			);
			defaultConfigurationIsVisible = 0;
			defaultConfigurationName = Release;
		};
		2AE8C5212B9487DD00513E41 /* Build configuration list for PBXNativeTarget "TableViewTask" */ = {
			isa = XCConfigurationList;
			buildConfigurations = (
				2AE8C5222B9487DD00513E41 /* Debug */,
				2AE8C5232B9487DD00513E41 /* Release */,
			);
			defaultConfigurationIsVisible = 0;
			defaultConfigurationName = Release;
		};
		2AE8C5242B9487DD00513E41 /* Build configuration list for PBXNativeTarget "TableViewTaskTests" */ = {
			isa = XCConfigurationList;
			buildConfigurations = (
				2AE8C5252B9487DD00513E41 /* Debug */,
				2AE8C5262B9487DD00513E41 /* Release */,
			);
			defaultConfigurationIsVisible = 0;
			defaultConfigurationName = Release;
		};
		2AE8C5272B9487DD00513E41 /* Build configuration list for PBXNativeTarget "TableViewTaskUITests" */ = {
			isa = XCConfigurationList;
			buildConfigurations = (
				2AE8C5282B9487DD00513E41 /* Debug */,
				2AE8C5292B9487DD00513E41 /* Release */,
			);
			defaultConfigurationIsVisible = 0;
			defaultConfigurationName = Release;
		};
/* End XCConfigurationList section */
	};
	rootObject = 2AE8C4EF2B9487DC00513E41 /* Project object */;
}
